// !$*UTF8*$!
{
	archiveVersion = 1;
	classes = {
	};
	objectVersion = 51;
	objects = {

/* Begin PBXBuildFile section */
		5E3DC31741CF280FAF848411 /* Pods_LD_DYProject_LD_DYProjectUITests.framework in Frameworks */ = {isa = PBXBuildFile; fileRef = 79BEA81B7484B239AC8254BB /* Pods_LD_DYProject_LD_DYProjectUITests.framework */; };
		73AAA5F4A7FDAD113AC0480F /* Pods_LD_DYProject.framework in Frameworks */ = {isa = PBXBuildFile; fileRef = 0EE11F469C38C19A833D0B62 /* Pods_LD_DYProject.framework */; };
		A023812724443C1D00223B5C /* LDPageView.swift in Sources */ = {isa = PBXBuildFile; fileRef = A023812624443C1D00223B5C /* LDPageView.swift */; };
		A023812B24443C4E00223B5C /* LDTitleStyle.swift in Sources */ = {isa = PBXBuildFile; fileRef = A023812A24443C4E00223B5C /* LDTitleStyle.swift */; };
		A023812D24443C6800223B5C /* LDTitleView.swift in Sources */ = {isa = PBXBuildFile; fileRef = A023812C24443C6800223B5C /* LDTitleView.swift */; };
		A023812F24443C7800223B5C /* LDContentView.swift in Sources */ = {isa = PBXBuildFile; fileRef = A023812E24443C7800223B5C /* LDContentView.swift */; };
		A0238131244440E200223B5C /* UIColor-Extension.swift in Sources */ = {isa = PBXBuildFile; fileRef = A0238130244440E200223B5C /* UIColor-Extension.swift */; };
		A028DB3D243D59A300C90A58 /* AppDelegate.swift in Sources */ = {isa = PBXBuildFile; fileRef = A028DB3C243D59A300C90A58 /* AppDelegate.swift */; };
		A028DB3F243D59A300C90A58 /* SceneDelegate.swift in Sources */ = {isa = PBXBuildFile; fileRef = A028DB3E243D59A300C90A58 /* SceneDelegate.swift */; };
		A028DB44243D59A300C90A58 /* Main.storyboard in Resources */ = {isa = PBXBuildFile; fileRef = A028DB42243D59A300C90A58 /* Main.storyboard */; };
		A028DB46243D59A600C90A58 /* Assets.xcassets in Resources */ = {isa = PBXBuildFile; fileRef = A028DB45243D59A600C90A58 /* Assets.xcassets */; };
		A028DB49243D59A600C90A58 /* LaunchScreen.storyboard in Resources */ = {isa = PBXBuildFile; fileRef = A028DB47243D59A600C90A58 /* LaunchScreen.storyboard */; };
		A028DB54243D59A600C90A58 /* LD_DYProjectTests.swift in Sources */ = {isa = PBXBuildFile; fileRef = A028DB53243D59A600C90A58 /* LD_DYProjectTests.swift */; };
		A028DB5F243D59A600C90A58 /* LD_DYProjectUITests.swift in Sources */ = {isa = PBXBuildFile; fileRef = A028DB5E243D59A600C90A58 /* LD_DYProjectUITests.swift */; };
		A077A2A5244EA17900673FCC /* LDPageCollectionView.swift in Sources */ = {isa = PBXBuildFile; fileRef = A077A2A4244EA17900673FCC /* LDPageCollectionView.swift */; };
		A077A2A7244EA24300673FCC /* LDPageCollectionViewLayout.swift in Sources */ = {isa = PBXBuildFile; fileRef = A077A2A6244EA24300673FCC /* LDPageCollectionViewLayout.swift */; };
		A077A2AA244EDFBC00673FCC /* Emitterable.swift in Sources */ = {isa = PBXBuildFile; fileRef = A077A2A9244EDFBC00673FCC /* Emitterable.swift */; };
		A077A2AC244EE5DB00673FCC /* NibLoadable.swift in Sources */ = {isa = PBXBuildFile; fileRef = A077A2AB244EE5DB00673FCC /* NibLoadable.swift */; };
		A077A2AE244EE71500673FCC /* DemoView.swift in Sources */ = {isa = PBXBuildFile; fileRef = A077A2AD244EE71500673FCC /* DemoView.swift */; };
		A077A2B0244EE72A00673FCC /* DemoView.xib in Resources */ = {isa = PBXBuildFile; fileRef = A077A2AF244EE72A00673FCC /* DemoView.xib */; };
		A077A2B3244EECDA00673FCC /* QHNormalEmotionSort.plist in Resources */ = {isa = PBXBuildFile; fileRef = A077A2B1244EECDA00673FCC /* QHNormalEmotionSort.plist */; };
		A077A2B4244EECDA00673FCC /* QHSohuGifSort.plist in Resources */ = {isa = PBXBuildFile; fileRef = A077A2B2244EECDA00673FCC /* QHSohuGifSort.plist */; };
		A077A2B6244EEE1C00673FCC /* Const.swift in Sources */ = {isa = PBXBuildFile; fileRef = A077A2B5244EEE1C00673FCC /* Const.swift */; };
		A077A2B8244EF19E00673FCC /* AnchorViewController.swift in Sources */ = {isa = PBXBuildFile; fileRef = A077A2B7244EF19E00673FCC /* AnchorViewController.swift */; };
		A077A2BB244EF28700673FCC /* NetworkTools.swift in Sources */ = {isa = PBXBuildFile; fileRef = A077A2BA244EF28700673FCC /* NetworkTools.swift */; };
		A09775E42441D72B008FDC6B /* HomeViewController.swift in Sources */ = {isa = PBXBuildFile; fileRef = A09775E32441D72B008FDC6B /* HomeViewController.swift */; };
		A09775E62441D73F008FDC6B /* RankViewController.swift in Sources */ = {isa = PBXBuildFile; fileRef = A09775E52441D73F008FDC6B /* RankViewController.swift */; };
		A09775E82441D758008FDC6B /* ProfileViewController.swift in Sources */ = {isa = PBXBuildFile; fileRef = A09775E72441D758008FDC6B /* ProfileViewController.swift */; };
		A09775EA2441D766008FDC6B /* DiscoverViewController.swift in Sources */ = {isa = PBXBuildFile; fileRef = A09775E92441D766008FDC6B /* DiscoverViewController.swift */; };
		A09775EE2441D7CE008FDC6B /* Home.storyboard in Resources */ = {isa = PBXBuildFile; fileRef = A09775ED2441D7CE008FDC6B /* Home.storyboard */; };
		A09775F02441D7E5008FDC6B /* Rank.storyboard in Resources */ = {isa = PBXBuildFile; fileRef = A09775EF2441D7E5008FDC6B /* Rank.storyboard */; };
		A09775F22441D7F3008FDC6B /* Discover.storyboard in Resources */ = {isa = PBXBuildFile; fileRef = A09775F12441D7F3008FDC6B /* Discover.storyboard */; };
		A09775F42441D7FE008FDC6B /* Profile.storyboard in Resources */ = {isa = PBXBuildFile; fileRef = A09775F32441D7FE008FDC6B /* Profile.storyboard */; };
		A09775F62441D82D008FDC6B /* MainViewController.swift in Sources */ = {isa = PBXBuildFile; fileRef = A09775F52441D82D008FDC6B /* MainViewController.swift */; };
		A09775F82441D85F008FDC6B /* LDNavigationController.swift in Sources */ = {isa = PBXBuildFile; fileRef = A09775F72441D85F008FDC6B /* LDNavigationController.swift */; };
		A09775FB2441E33C008FDC6B /* types.plist in Resources */ = {isa = PBXBuildFile; fileRef = A09775FA2441E33C008FDC6B /* types.plist */; };
		A097760324443377008FDC6B /* HomeType.swift in Sources */ = {isa = PBXBuildFile; fileRef = A097760224443377008FDC6B /* HomeType.swift */; };
		A0CB1393243DD0920017A2C8 /* LDNavController.swift in Sources */ = {isa = PBXBuildFile; fileRef = A0CB1392243DD0920017A2C8 /* LDNavController.swift */; };
		C66B1392A70441C94EBAA18C /* Pods_LD_DYProjectTests.framework in Frameworks */ = {isa = PBXBuildFile; fileRef = 50A6077AE201FC96D798CB85 /* Pods_LD_DYProjectTests.framework */; };
/* End PBXBuildFile section */

/* Begin PBXContainerItemProxy section */
		A028DB50243D59A600C90A58 /* PBXContainerItemProxy */ = {
			isa = PBXContainerItemProxy;
			containerPortal = A028DB31243D59A300C90A58 /* Project object */;
			proxyType = 1;
			remoteGlobalIDString = A028DB38243D59A300C90A58;
			remoteInfo = LD_DYProject;
		};
		A028DB5B243D59A600C90A58 /* PBXContainerItemProxy */ = {
			isa = PBXContainerItemProxy;
			containerPortal = A028DB31243D59A300C90A58 /* Project object */;
			proxyType = 1;
			remoteGlobalIDString = A028DB38243D59A300C90A58;
			remoteInfo = LD_DYProject;
		};
/* End PBXContainerItemProxy section */

/* Begin PBXFileReference section */
		08E1B5D7CDD910BA0787709B /* Pods-LD_DYProject-LD_DYProjectUITests.debug.xcconfig */ = {isa = PBXFileReference; includeInIndex = 1; lastKnownFileType = text.xcconfig; name = "Pods-LD_DYProject-LD_DYProjectUITests.debug.xcconfig"; path = "Target Support Files/Pods-LD_DYProject-LD_DYProjectUITests/Pods-LD_DYProject-LD_DYProjectUITests.debug.xcconfig"; sourceTree = "<group>"; };
		0EE11F469C38C19A833D0B62 /* Pods_LD_DYProject.framework */ = {isa = PBXFileReference; explicitFileType = wrapper.framework; includeInIndex = 0; path = Pods_LD_DYProject.framework; sourceTree = BUILT_PRODUCTS_DIR; };
		41E35A4E88F18EA1801A2E9B /* Pods-LD_DYProject.release.xcconfig */ = {isa = PBXFileReference; includeInIndex = 1; lastKnownFileType = text.xcconfig; name = "Pods-LD_DYProject.release.xcconfig"; path = "Target Support Files/Pods-LD_DYProject/Pods-LD_DYProject.release.xcconfig"; sourceTree = "<group>"; };
		50A6077AE201FC96D798CB85 /* Pods_LD_DYProjectTests.framework */ = {isa = PBXFileReference; explicitFileType = wrapper.framework; includeInIndex = 0; path = Pods_LD_DYProjectTests.framework; sourceTree = BUILT_PRODUCTS_DIR; };
		71DDB4173A2C500581016284 /* Pods-LD_DYProjectTests.debug.xcconfig */ = {isa = PBXFileReference; includeInIndex = 1; lastKnownFileType = text.xcconfig; name = "Pods-LD_DYProjectTests.debug.xcconfig"; path = "Target Support Files/Pods-LD_DYProjectTests/Pods-LD_DYProjectTests.debug.xcconfig"; sourceTree = "<group>"; };
		79BEA81B7484B239AC8254BB /* Pods_LD_DYProject_LD_DYProjectUITests.framework */ = {isa = PBXFileReference; explicitFileType = wrapper.framework; includeInIndex = 0; path = Pods_LD_DYProject_LD_DYProjectUITests.framework; sourceTree = BUILT_PRODUCTS_DIR; };
		9D5C9D79BF5FBF4F900C0A40 /* Pods-LD_DYProject-LD_DYProjectUITests.release.xcconfig */ = {isa = PBXFileReference; includeInIndex = 1; lastKnownFileType = text.xcconfig; name = "Pods-LD_DYProject-LD_DYProjectUITests.release.xcconfig"; path = "Target Support Files/Pods-LD_DYProject-LD_DYProjectUITests/Pods-LD_DYProject-LD_DYProjectUITests.release.xcconfig"; sourceTree = "<group>"; };
		A023812624443C1D00223B5C /* LDPageView.swift */ = {isa = PBXFileReference; lastKnownFileType = sourcecode.swift; path = LDPageView.swift; sourceTree = "<group>"; };
		A023812A24443C4E00223B5C /* LDTitleStyle.swift */ = {isa = PBXFileReference; lastKnownFileType = sourcecode.swift; path = LDTitleStyle.swift; sourceTree = "<group>"; };
		A023812C24443C6800223B5C /* LDTitleView.swift */ = {isa = PBXFileReference; lastKnownFileType = sourcecode.swift; path = LDTitleView.swift; sourceTree = "<group>"; };
		A023812E24443C7800223B5C /* LDContentView.swift */ = {isa = PBXFileReference; lastKnownFileType = sourcecode.swift; path = LDContentView.swift; sourceTree = "<group>"; };
		A0238130244440E200223B5C /* UIColor-Extension.swift */ = {isa = PBXFileReference; lastKnownFileType = sourcecode.swift; path = "UIColor-Extension.swift"; sourceTree = "<group>"; };
		A028DB39243D59A300C90A58 /* LD_DYProject.app */ = {isa = PBXFileReference; explicitFileType = wrapper.application; includeInIndex = 0; path = LD_DYProject.app; sourceTree = BUILT_PRODUCTS_DIR; };
		A028DB3C243D59A300C90A58 /* AppDelegate.swift */ = {isa = PBXFileReference; lastKnownFileType = sourcecode.swift; path = AppDelegate.swift; sourceTree = "<group>"; };
		A028DB3E243D59A300C90A58 /* SceneDelegate.swift */ = {isa = PBXFileReference; lastKnownFileType = sourcecode.swift; path = SceneDelegate.swift; sourceTree = "<group>"; };
		A028DB43243D59A300C90A58 /* Base */ = {isa = PBXFileReference; lastKnownFileType = file.storyboard; name = Base; path = Base.lproj/Main.storyboard; sourceTree = "<group>"; };
		A028DB45243D59A600C90A58 /* Assets.xcassets */ = {isa = PBXFileReference; lastKnownFileType = folder.assetcatalog; path = Assets.xcassets; sourceTree = "<group>"; };
		A028DB48243D59A600C90A58 /* Base */ = {isa = PBXFileReference; lastKnownFileType = file.storyboard; name = Base; path = Base.lproj/LaunchScreen.storyboard; sourceTree = "<group>"; };
		A028DB4A243D59A600C90A58 /* Info.plist */ = {isa = PBXFileReference; lastKnownFileType = text.plist.xml; path = Info.plist; sourceTree = "<group>"; };
		A028DB4F243D59A600C90A58 /* LD_DYProjectTests.xctest */ = {isa = PBXFileReference; explicitFileType = wrapper.cfbundle; includeInIndex = 0; path = LD_DYProjectTests.xctest; sourceTree = BUILT_PRODUCTS_DIR; };
		A028DB53243D59A600C90A58 /* LD_DYProjectTests.swift */ = {isa = PBXFileReference; lastKnownFileType = sourcecode.swift; path = LD_DYProjectTests.swift; sourceTree = "<group>"; };
		A028DB55243D59A600C90A58 /* Info.plist */ = {isa = PBXFileReference; lastKnownFileType = text.plist.xml; path = Info.plist; sourceTree = "<group>"; };
		A028DB5A243D59A600C90A58 /* LD_DYProjectUITests.xctest */ = {isa = PBXFileReference; explicitFileType = wrapper.cfbundle; includeInIndex = 0; path = LD_DYProjectUITests.xctest; sourceTree = BUILT_PRODUCTS_DIR; };
		A028DB5E243D59A600C90A58 /* LD_DYProjectUITests.swift */ = {isa = PBXFileReference; lastKnownFileType = sourcecode.swift; path = LD_DYProjectUITests.swift; sourceTree = "<group>"; };
		A028DB60243D59A600C90A58 /* Info.plist */ = {isa = PBXFileReference; lastKnownFileType = text.plist.xml; path = Info.plist; sourceTree = "<group>"; };
		A077A2A4244EA17900673FCC /* LDPageCollectionView.swift */ = {isa = PBXFileReference; lastKnownFileType = sourcecode.swift; path = LDPageCollectionView.swift; sourceTree = "<group>"; };
		A077A2A6244EA24300673FCC /* LDPageCollectionViewLayout.swift */ = {isa = PBXFileReference; lastKnownFileType = sourcecode.swift; path = LDPageCollectionViewLayout.swift; sourceTree = "<group>"; };
		A077A2A9244EDFBC00673FCC /* Emitterable.swift */ = {isa = PBXFileReference; lastKnownFileType = sourcecode.swift; path = Emitterable.swift; sourceTree = "<group>"; };
		A077A2AB244EE5DB00673FCC /* NibLoadable.swift */ = {isa = PBXFileReference; lastKnownFileType = sourcecode.swift; path = NibLoadable.swift; sourceTree = "<group>"; };
		A077A2AD244EE71500673FCC /* DemoView.swift */ = {isa = PBXFileReference; lastKnownFileType = sourcecode.swift; path = DemoView.swift; sourceTree = "<group>"; };
		A077A2AF244EE72A00673FCC /* DemoView.xib */ = {isa = PBXFileReference; lastKnownFileType = file.xib; path = DemoView.xib; sourceTree = "<group>"; };
		A077A2B1244EECDA00673FCC /* QHNormalEmotionSort.plist */ = {isa = PBXFileReference; lastKnownFileType = file.bplist; path = QHNormalEmotionSort.plist; sourceTree = "<group>"; };
		A077A2B2244EECDA00673FCC /* QHSohuGifSort.plist */ = {isa = PBXFileReference; lastKnownFileType = file.bplist; path = QHSohuGifSort.plist; sourceTree = "<group>"; };
		A077A2B5244EEE1C00673FCC /* Const.swift */ = {isa = PBXFileReference; lastKnownFileType = sourcecode.swift; path = Const.swift; sourceTree = "<group>"; };
		A077A2B7244EF19E00673FCC /* AnchorViewController.swift */ = {isa = PBXFileReference; lastKnownFileType = sourcecode.swift; path = AnchorViewController.swift; sourceTree = "<group>"; };
		A077A2BA244EF28700673FCC /* NetworkTools.swift */ = {isa = PBXFileReference; lastKnownFileType = sourcecode.swift; path = NetworkTools.swift; sourceTree = "<group>"; };
		A09775E32441D72B008FDC6B /* HomeViewController.swift */ = {isa = PBXFileReference; lastKnownFileType = sourcecode.swift; path = HomeViewController.swift; sourceTree = "<group>"; };
		A09775E52441D73F008FDC6B /* RankViewController.swift */ = {isa = PBXFileReference; lastKnownFileType = sourcecode.swift; path = RankViewController.swift; sourceTree = "<group>"; };
		A09775E72441D758008FDC6B /* ProfileViewController.swift */ = {isa = PBXFileReference; lastKnownFileType = sourcecode.swift; path = ProfileViewController.swift; sourceTree = "<group>"; };
		A09775E92441D766008FDC6B /* DiscoverViewController.swift */ = {isa = PBXFileReference; lastKnownFileType = sourcecode.swift; path = DiscoverViewController.swift; sourceTree = "<group>"; };
		A09775ED2441D7CE008FDC6B /* Home.storyboard */ = {isa = PBXFileReference; lastKnownFileType = file.storyboard; path = Home.storyboard; sourceTree = "<group>"; };
		A09775EF2441D7E5008FDC6B /* Rank.storyboard */ = {isa = PBXFileReference; lastKnownFileType = file.storyboard; path = Rank.storyboard; sourceTree = "<group>"; };
		A09775F12441D7F3008FDC6B /* Discover.storyboard */ = {isa = PBXFileReference; lastKnownFileType = file.storyboard; path = Discover.storyboard; sourceTree = "<group>"; };
		A09775F32441D7FE008FDC6B /* Profile.storyboard */ = {isa = PBXFileReference; lastKnownFileType = file.storyboard; path = Profile.storyboard; sourceTree = "<group>"; };
		A09775F52441D82D008FDC6B /* MainViewController.swift */ = {isa = PBXFileReference; lastKnownFileType = sourcecode.swift; path = MainViewController.swift; sourceTree = "<group>"; };
		A09775F72441D85F008FDC6B /* LDNavigationController.swift */ = {isa = PBXFileReference; lastKnownFileType = sourcecode.swift; path = LDNavigationController.swift; sourceTree = "<group>"; };
		A09775FA2441E33C008FDC6B /* types.plist */ = {isa = PBXFileReference; fileEncoding = 4; lastKnownFileType = text.plist.xml; path = types.plist; sourceTree = "<group>"; };
		A097760224443377008FDC6B /* HomeType.swift */ = {isa = PBXFileReference; lastKnownFileType = sourcecode.swift; path = HomeType.swift; sourceTree = "<group>"; };
		A0CB1392243DD0920017A2C8 /* LDNavController.swift */ = {isa = PBXFileReference; lastKnownFileType = sourcecode.swift; path = LDNavController.swift; sourceTree = "<group>"; };
		C0F4F457F1EDB20F858A2749 /* Pods-LD_DYProject.debug.xcconfig */ = {isa = PBXFileReference; includeInIndex = 1; lastKnownFileType = text.xcconfig; name = "Pods-LD_DYProject.debug.xcconfig"; path = "Target Support Files/Pods-LD_DYProject/Pods-LD_DYProject.debug.xcconfig"; sourceTree = "<group>"; };
		E68EE096068F6368F053EF72 /* Pods-LD_DYProjectTests.release.xcconfig */ = {isa = PBXFileReference; includeInIndex = 1; lastKnownFileType = text.xcconfig; name = "Pods-LD_DYProjectTests.release.xcconfig"; path = "Target Support Files/Pods-LD_DYProjectTests/Pods-LD_DYProjectTests.release.xcconfig"; sourceTree = "<group>"; };
/* End PBXFileReference section */

/* Begin PBXFrameworksBuildPhase section */
		A028DB36243D59A300C90A58 /* Frameworks */ = {
			isa = PBXFrameworksBuildPhase;
			buildActionMask = 2147483647;
			files = (
				73AAA5F4A7FDAD113AC0480F /* Pods_LD_DYProject.framework in Frameworks */,
			);
			runOnlyForDeploymentPostprocessing = 0;
		};
		A028DB4C243D59A600C90A58 /* Frameworks */ = {
			isa = PBXFrameworksBuildPhase;
			buildActionMask = 2147483647;
			files = (
				C66B1392A70441C94EBAA18C /* Pods_LD_DYProjectTests.framework in Frameworks */,
			);
			runOnlyForDeploymentPostprocessing = 0;
		};
		A028DB57243D59A600C90A58 /* Frameworks */ = {
			isa = PBXFrameworksBuildPhase;
			buildActionMask = 2147483647;
			files = (
				5E3DC31741CF280FAF848411 /* Pods_LD_DYProject_LD_DYProjectUITests.framework in Frameworks */,
			);
			runOnlyForDeploymentPostprocessing = 0;
		};
/* End PBXFrameworksBuildPhase section */

/* Begin PBXGroup section */
		71A356A21FC60693A8B1E495 /* Pods */ = {
			isa = PBXGroup;
			children = (
				C0F4F457F1EDB20F858A2749 /* Pods-LD_DYProject.debug.xcconfig */,
				41E35A4E88F18EA1801A2E9B /* Pods-LD_DYProject.release.xcconfig */,
				08E1B5D7CDD910BA0787709B /* Pods-LD_DYProject-LD_DYProjectUITests.debug.xcconfig */,
				9D5C9D79BF5FBF4F900C0A40 /* Pods-LD_DYProject-LD_DYProjectUITests.release.xcconfig */,
				71DDB4173A2C500581016284 /* Pods-LD_DYProjectTests.debug.xcconfig */,
				E68EE096068F6368F053EF72 /* Pods-LD_DYProjectTests.release.xcconfig */,
			);
			path = Pods;
			sourceTree = "<group>";
		};
		A023812424443BD500223B5C /* LDPageView */ = {
			isa = PBXGroup;
			children = (
				A023812A24443C4E00223B5C /* LDTitleStyle.swift */,
				A023812624443C1D00223B5C /* LDPageView.swift */,
				A023812C24443C6800223B5C /* LDTitleView.swift */,
				A023812E24443C7800223B5C /* LDContentView.swift */,
				A077A2A4244EA17900673FCC /* LDPageCollectionView.swift */,
				A077A2A6244EA24300673FCC /* LDPageCollectionViewLayout.swift */,
			);
			path = LDPageView;
			sourceTree = "<group>";
		};
		A023812524443BFE00223B5C /* Common */ = {
			isa = PBXGroup;
			children = (
				A077A2B5244EEE1C00673FCC /* Const.swift */,
				A077A2A8244EDF9B00673FCC /* Protocols */,
			);
			path = Common;
			sourceTree = "<group>";
		};
		A028DB30243D59A300C90A58 = {
			isa = PBXGroup;
			children = (
				A028DB3B243D59A300C90A58 /* LD_DYProject */,
				A028DB52243D59A600C90A58 /* LD_DYProjectTests */,
				A028DB5D243D59A600C90A58 /* LD_DYProjectUITests */,
				A028DB3A243D59A300C90A58 /* Products */,
				71A356A21FC60693A8B1E495 /* Pods */,
				ED4CC0E20E59D8812C2DCF07 /* Frameworks */,
			);
			sourceTree = "<group>";
		};
		A028DB3A243D59A300C90A58 /* Products */ = {
			isa = PBXGroup;
			children = (
				A028DB39243D59A300C90A58 /* LD_DYProject.app */,
				A028DB4F243D59A600C90A58 /* LD_DYProjectTests.xctest */,
				A028DB5A243D59A600C90A58 /* LD_DYProjectUITests.xctest */,
			);
			name = Products;
			sourceTree = "<group>";
		};
		A028DB3B243D59A300C90A58 /* LD_DYProject */ = {
			isa = PBXGroup;
			children = (
				A077A2B9244EF26D00673FCC /* Tools */,
				A09775F92441E316008FDC6B /* Resource */,
				A09775DA2441D67B008FDC6B /* Classes */,
				A028DB3C243D59A300C90A58 /* AppDelegate.swift */,
				A028DB3E243D59A300C90A58 /* SceneDelegate.swift */,
				A028DB42243D59A300C90A58 /* Main.storyboard */,
				A028DB45243D59A600C90A58 /* Assets.xcassets */,
				A028DB47243D59A600C90A58 /* LaunchScreen.storyboard */,
				A028DB4A243D59A600C90A58 /* Info.plist */,
				A0CB1392243DD0920017A2C8 /* LDNavController.swift */,
			);
			path = LD_DYProject;
			sourceTree = "<group>";
		};
		A028DB52243D59A600C90A58 /* LD_DYProjectTests */ = {
			isa = PBXGroup;
			children = (
				A028DB53243D59A600C90A58 /* LD_DYProjectTests.swift */,
				A028DB55243D59A600C90A58 /* Info.plist */,
			);
			path = LD_DYProjectTests;
			sourceTree = "<group>";
		};
		A028DB5D243D59A600C90A58 /* LD_DYProjectUITests */ = {
			isa = PBXGroup;
			children = (
				A028DB5E243D59A600C90A58 /* LD_DYProjectUITests.swift */,
				A028DB60243D59A600C90A58 /* Info.plist */,
			);
			path = LD_DYProjectUITests;
			sourceTree = "<group>";
		};
		A077A2A8244EDF9B00673FCC /* Protocols */ = {
			isa = PBXGroup;
			children = (
				A077A2A9244EDFBC00673FCC /* Emitterable.swift */,
				A077A2AB244EE5DB00673FCC /* NibLoadable.swift */,
			);
			path = Protocols;
			sourceTree = "<group>";
		};
		A077A2B9244EF26D00673FCC /* Tools */ = {
			isa = PBXGroup;
			children = (
				A077A2BA244EF28700673FCC /* NetworkTools.swift */,
			);
			path = Tools;
			sourceTree = "<group>";
		};
		A09775DA2441D67B008FDC6B /* Classes */ = {
			isa = PBXGroup;
			children = (
				A09775DC2441D693008FDC6B /* Main */,
				A09775E02441D6B8008FDC6B /* Profile */,
				A09775DF2441D6AA008FDC6B /* Discover */,
				A09775DE2441D6A1008FDC6B /* Rank */,
				A09775DD2441D69B008FDC6B /* Home */,
				A09775DB2441D68C008FDC6B /* Base */,
			);
			path = Classes;
			sourceTree = "<group>";
		};
		A09775DB2441D68C008FDC6B /* Base */ = {
			isa = PBXGroup;
			children = (
			);
			path = Base;
			sourceTree = "<group>";
		};
		A09775DC2441D693008FDC6B /* Main */ = {
			isa = PBXGroup;
			children = (
				A023812524443BFE00223B5C /* Common */,
				A023812424443BD500223B5C /* LDPageView */,
				A09775E22441D6DC008FDC6B /* Controller */,
				A09775E12441D6D3008FDC6B /* Extension */,
			);
			path = Main;
			sourceTree = "<group>";
		};
		A09775DD2441D69B008FDC6B /* Home */ = {
			isa = PBXGroup;
			children = (
				A097760124443356008FDC6B /* Other */,
				A09776002444334F008FDC6B /* Controller */,
				A09775FF24443349008FDC6B /* Model */,
				A09775FE24443339008FDC6B /* View */,
			);
			path = Home;
			sourceTree = "<group>";
		};
		A09775DE2441D6A1008FDC6B /* Rank */ = {
			isa = PBXGroup;
			children = (
				A09775E52441D73F008FDC6B /* RankViewController.swift */,
				A09775EF2441D7E5008FDC6B /* Rank.storyboard */,
			);
			path = Rank;
			sourceTree = "<group>";
		};
		A09775DF2441D6AA008FDC6B /* Discover */ = {
			isa = PBXGroup;
			children = (
				A09775E92441D766008FDC6B /* DiscoverViewController.swift */,
				A09775F12441D7F3008FDC6B /* Discover.storyboard */,
			);
			path = Discover;
			sourceTree = "<group>";
		};
		A09775E02441D6B8008FDC6B /* Profile */ = {
			isa = PBXGroup;
			children = (
				A09775E72441D758008FDC6B /* ProfileViewController.swift */,
				A09775F32441D7FE008FDC6B /* Profile.storyboard */,
				A077A2AD244EE71500673FCC /* DemoView.swift */,
				A077A2AF244EE72A00673FCC /* DemoView.xib */,
			);
			path = Profile;
			sourceTree = "<group>";
		};
		A09775E12441D6D3008FDC6B /* Extension */ = {
			isa = PBXGroup;
			children = (
				A0238130244440E200223B5C /* UIColor-Extension.swift */,
			);
			path = Extension;
			sourceTree = "<group>";
		};
		A09775E22441D6DC008FDC6B /* Controller */ = {
			isa = PBXGroup;
			children = (
				A09775F52441D82D008FDC6B /* MainViewController.swift */,
				A09775F72441D85F008FDC6B /* LDNavigationController.swift */,
			);
			path = Controller;
			sourceTree = "<group>";
		};
		A09775F92441E316008FDC6B /* Resource */ = {
			isa = PBXGroup;
			children = (
				A077A2B1244EECDA00673FCC /* QHNormalEmotionSort.plist */,
				A077A2B2244EECDA00673FCC /* QHSohuGifSort.plist */,
				A09775FA2441E33C008FDC6B /* types.plist */,
			);
			path = Resource;
			sourceTree = "<group>";
		};
		A09775FE24443339008FDC6B /* View */ = {
			isa = PBXGroup;
			children = (
			);
			path = View;
			sourceTree = "<group>";
		};
		A09775FF24443349008FDC6B /* Model */ = {
			isa = PBXGroup;
			children = (
				A097760224443377008FDC6B /* HomeType.swift */,
			);
			path = Model;
			sourceTree = "<group>";
		};
		A09776002444334F008FDC6B /* Controller */ = {
			isa = PBXGroup;
			children = (
				A09775E32441D72B008FDC6B /* HomeViewController.swift */,
				A077A2B7244EF19E00673FCC /* AnchorViewController.swift */,
				A09775ED2441D7CE008FDC6B /* Home.storyboard */,
			);
			path = Controller;
			sourceTree = "<group>";
		};
		A097760124443356008FDC6B /* Other */ = {
			isa = PBXGroup;
			children = (
			);
			path = Other;
			sourceTree = "<group>";
		};
		ED4CC0E20E59D8812C2DCF07 /* Frameworks */ = {
			isa = PBXGroup;
			children = (
				0EE11F469C38C19A833D0B62 /* Pods_LD_DYProject.framework */,
				79BEA81B7484B239AC8254BB /* Pods_LD_DYProject_LD_DYProjectUITests.framework */,
				50A6077AE201FC96D798CB85 /* Pods_LD_DYProjectTests.framework */,
			);
			name = Frameworks;
			sourceTree = "<group>";
		};
/* End PBXGroup section */

/* Begin PBXNativeTarget section */
		A028DB38243D59A300C90A58 /* LD_DYProject */ = {
			isa = PBXNativeTarget;
			buildConfigurationList = A028DB63243D59A600C90A58 /* Build configuration list for PBXNativeTarget "LD_DYProject" */;
			buildPhases = (
				04DD5A511E91DE435739D705 /* [CP] Check Pods Manifest.lock */,
				A028DB35243D59A300C90A58 /* Sources */,
				A028DB36243D59A300C90A58 /* Frameworks */,
				A028DB37243D59A300C90A58 /* Resources */,
				D5774ACA8240C0CD1EC9D97C /* [CP] Embed Pods Frameworks */,
			);
			buildRules = (
			);
			dependencies = (
			);
			name = LD_DYProject;
			productName = LD_DYProject;
			productReference = A028DB39243D59A300C90A58 /* LD_DYProject.app */;
			productType = "com.apple.product-type.application";
		};
		A028DB4E243D59A600C90A58 /* LD_DYProjectTests */ = {
			isa = PBXNativeTarget;
			buildConfigurationList = A028DB66243D59A600C90A58 /* Build configuration list for PBXNativeTarget "LD_DYProjectTests" */;
			buildPhases = (
				549AC367678EC0C1A6FB90BB /* [CP] Check Pods Manifest.lock */,
				A028DB4B243D59A600C90A58 /* Sources */,
				A028DB4C243D59A600C90A58 /* Frameworks */,
				A028DB4D243D59A600C90A58 /* Resources */,
			);
			buildRules = (
			);
			dependencies = (
				A028DB51243D59A600C90A58 /* PBXTargetDependency */,
			);
			name = LD_DYProjectTests;
			productName = LD_DYProjectTests;
			productReference = A028DB4F243D59A600C90A58 /* LD_DYProjectTests.xctest */;
			productType = "com.apple.product-type.bundle.unit-test";
		};
		A028DB59243D59A600C90A58 /* LD_DYProjectUITests */ = {
			isa = PBXNativeTarget;
			buildConfigurationList = A028DB69243D59A600C90A58 /* Build configuration list for PBXNativeTarget "LD_DYProjectUITests" */;
			buildPhases = (
				CDBA175B655F63B9C7744587 /* [CP] Check Pods Manifest.lock */,
				A028DB56243D59A600C90A58 /* Sources */,
				A028DB57243D59A600C90A58 /* Frameworks */,
				A028DB58243D59A600C90A58 /* Resources */,
				7FFC87B6ADB83C55A686DDA0 /* [CP] Embed Pods Frameworks */,
			);
			buildRules = (
			);
			dependencies = (
				A028DB5C243D59A600C90A58 /* PBXTargetDependency */,
			);
			name = LD_DYProjectUITests;
			productName = LD_DYProjectUITests;
			productReference = A028DB5A243D59A600C90A58 /* LD_DYProjectUITests.xctest */;
			productType = "com.apple.product-type.bundle.ui-testing";
		};
/* End PBXNativeTarget section */

/* Begin PBXProject section */
		A028DB31243D59A300C90A58 /* Project object */ = {
			isa = PBXProject;
			attributes = {
				LastSwiftUpdateCheck = 1130;
				LastUpgradeCheck = 1130;
				ORGANIZATIONNAME = "李洞洞";
				TargetAttributes = {
					A028DB38243D59A300C90A58 = {
						CreatedOnToolsVersion = 11.3.1;
					};
					A028DB4E243D59A600C90A58 = {
						CreatedOnToolsVersion = 11.3.1;
						TestTargetID = A028DB38243D59A300C90A58;
					};
					A028DB59243D59A600C90A58 = {
						CreatedOnToolsVersion = 11.3.1;
						TestTargetID = A028DB38243D59A300C90A58;
					};
				};
			};
			buildConfigurationList = A028DB34243D59A300C90A58 /* Build configuration list for PBXProject "LD_DYProject" */;
			compatibilityVersion = "Xcode 9.3";
			developmentRegion = en;
			hasScannedForEncodings = 0;
			knownRegions = (
				en,
				Base,
			);
			mainGroup = A028DB30243D59A300C90A58;
			productRefGroup = A028DB3A243D59A300C90A58 /* Products */;
			projectDirPath = "";
			projectRoot = "";
			targets = (
				A028DB38243D59A300C90A58 /* LD_DYProject */,
				A028DB4E243D59A600C90A58 /* LD_DYProjectTests */,
				A028DB59243D59A600C90A58 /* LD_DYProjectUITests */,
			);
		};
/* End PBXProject section */

/* Begin PBXResourcesBuildPhase section */
		A028DB37243D59A300C90A58 /* Resources */ = {
			isa = PBXResourcesBuildPhase;
			buildActionMask = 2147483647;
			files = (
				A077A2B4244EECDA00673FCC /* QHSohuGifSort.plist in Resources */,
				A09775F02441D7E5008FDC6B /* Rank.storyboard in Resources */,
				A028DB49243D59A600C90A58 /* LaunchScreen.storyboard in Resources */,
				A077A2B3244EECDA00673FCC /* QHNormalEmotionSort.plist in Resources */,
				A09775FB2441E33C008FDC6B /* types.plist in Resources */,
				A028DB46243D59A600C90A58 /* Assets.xcassets in Resources */,
				A077A2B0244EE72A00673FCC /* DemoView.xib in Resources */,
				A028DB44243D59A300C90A58 /* Main.storyboard in Resources */,
				A09775EE2441D7CE008FDC6B /* Home.storyboard in Resources */,
				A09775F42441D7FE008FDC6B /* Profile.storyboard in Resources */,
				A09775F22441D7F3008FDC6B /* Discover.storyboard in Resources */,
			);
			runOnlyForDeploymentPostprocessing = 0;
		};
		A028DB4D243D59A600C90A58 /* Resources */ = {
			isa = PBXResourcesBuildPhase;
			buildActionMask = 2147483647;
			files = (
			);
			runOnlyForDeploymentPostprocessing = 0;
		};
		A028DB58243D59A600C90A58 /* Resources */ = {
			isa = PBXResourcesBuildPhase;
			buildActionMask = 2147483647;
			files = (
			);
			runOnlyForDeploymentPostprocessing = 0;
		};
/* End PBXResourcesBuildPhase section */

/* Begin PBXShellScriptBuildPhase section */
		04DD5A511E91DE435739D705 /* [CP] Check Pods Manifest.lock */ = {
			isa = PBXShellScriptBuildPhase;
			buildActionMask = 2147483647;
			files = (
			);
			inputFileListPaths = (
			);
			inputPaths = (
				"${PODS_PODFILE_DIR_PATH}/Podfile.lock",
				"${PODS_ROOT}/Manifest.lock",
			);
			name = "[CP] Check Pods Manifest.lock";
			outputFileListPaths = (
			);
			outputPaths = (
				"$(DERIVED_FILE_DIR)/Pods-LD_DYProject-checkManifestLockResult.txt",
			);
			runOnlyForDeploymentPostprocessing = 0;
			shellPath = /bin/sh;
			shellScript = "diff \"${PODS_PODFILE_DIR_PATH}/Podfile.lock\" \"${PODS_ROOT}/Manifest.lock\" > /dev/null\nif [ $? != 0 ] ; then\n    # print error to STDERR\n    echo \"error: The sandbox is not in sync with the Podfile.lock. Run 'pod install' or update your CocoaPods installation.\" >&2\n    exit 1\nfi\n# This output is used by Xcode 'outputs' to avoid re-running this script phase.\necho \"SUCCESS\" > \"${SCRIPT_OUTPUT_FILE_0}\"\n";
			showEnvVarsInLog = 0;
		};
		549AC367678EC0C1A6FB90BB /* [CP] Check Pods Manifest.lock */ = {
			isa = PBXShellScriptBuildPhase;
			buildActionMask = 2147483647;
			files = (
			);
			inputFileListPaths = (
			);
			inputPaths = (
				"${PODS_PODFILE_DIR_PATH}/Podfile.lock",
				"${PODS_ROOT}/Manifest.lock",
			);
			name = "[CP] Check Pods Manifest.lock";
			outputFileListPaths = (
			);
			outputPaths = (
				"$(DERIVED_FILE_DIR)/Pods-LD_DYProjectTests-checkManifestLockResult.txt",
			);
			runOnlyForDeploymentPostprocessing = 0;
			shellPath = /bin/sh;
			shellScript = "diff \"${PODS_PODFILE_DIR_PATH}/Podfile.lock\" \"${PODS_ROOT}/Manifest.lock\" > /dev/null\nif [ $? != 0 ] ; then\n    # print error to STDERR\n    echo \"error: The sandbox is not in sync with the Podfile.lock. Run 'pod install' or update your CocoaPods installation.\" >&2\n    exit 1\nfi\n# This output is used by Xcode 'outputs' to avoid re-running this script phase.\necho \"SUCCESS\" > \"${SCRIPT_OUTPUT_FILE_0}\"\n";
			showEnvVarsInLog = 0;
		};
		7FFC87B6ADB83C55A686DDA0 /* [CP] Embed Pods Frameworks */ = {
			isa = PBXShellScriptBuildPhase;
			buildActionMask = 2147483647;
			files = (
			);
			inputFileListPaths = (
				"${PODS_ROOT}/Target Support Files/Pods-LD_DYProject-LD_DYProjectUITests/Pods-LD_DYProject-LD_DYProjectUITests-frameworks-${CONFIGURATION}-input-files.xcfilelist",
			);
			name = "[CP] Embed Pods Frameworks";
			outputFileListPaths = (
				"${PODS_ROOT}/Target Support Files/Pods-LD_DYProject-LD_DYProjectUITests/Pods-LD_DYProject-LD_DYProjectUITests-frameworks-${CONFIGURATION}-output-files.xcfilelist",
			);
			runOnlyForDeploymentPostprocessing = 0;
			shellPath = /bin/sh;
			shellScript = "\"${PODS_ROOT}/Target Support Files/Pods-LD_DYProject-LD_DYProjectUITests/Pods-LD_DYProject-LD_DYProjectUITests-frameworks.sh\"\n";
			showEnvVarsInLog = 0;
		};
		CDBA175B655F63B9C7744587 /* [CP] Check Pods Manifest.lock */ = {
			isa = PBXShellScriptBuildPhase;
			buildActionMask = 2147483647;
			files = (
			);
			inputFileListPaths = (
			);
			inputPaths = (
				"${PODS_PODFILE_DIR_PATH}/Podfile.lock",
				"${PODS_ROOT}/Manifest.lock",
			);
			name = "[CP] Check Pods Manifest.lock";
			outputFileListPaths = (
			);
			outputPaths = (
				"$(DERIVED_FILE_DIR)/Pods-LD_DYProject-LD_DYProjectUITests-checkManifestLockResult.txt",
			);
			runOnlyForDeploymentPostprocessing = 0;
			shellPath = /bin/sh;
			shellScript = "diff \"${PODS_PODFILE_DIR_PATH}/Podfile.lock\" \"${PODS_ROOT}/Manifest.lock\" > /dev/null\nif [ $? != 0 ] ; then\n    # print error to STDERR\n    echo \"error: The sandbox is not in sync with the Podfile.lock. Run 'pod install' or update your CocoaPods installation.\" >&2\n    exit 1\nfi\n# This output is used by Xcode 'outputs' to avoid re-running this script phase.\necho \"SUCCESS\" > \"${SCRIPT_OUTPUT_FILE_0}\"\n";
			showEnvVarsInLog = 0;
		};
		D5774ACA8240C0CD1EC9D97C /* [CP] Embed Pods Frameworks */ = {
			isa = PBXShellScriptBuildPhase;
			buildActionMask = 2147483647;
			files = (
			);
			inputFileListPaths = (
				"${PODS_ROOT}/Target Support Files/Pods-LD_DYProject/Pods-LD_DYProject-frameworks-${CONFIGURATION}-input-files.xcfilelist",
			);
			name = "[CP] Embed Pods Frameworks";
			outputFileListPaths = (
				"${PODS_ROOT}/Target Support Files/Pods-LD_DYProject/Pods-LD_DYProject-frameworks-${CONFIGURATION}-output-files.xcfilelist",
			);
			runOnlyForDeploymentPostprocessing = 0;
			shellPath = /bin/sh;
			shellScript = "\"${PODS_ROOT}/Target Support Files/Pods-LD_DYProject/Pods-LD_DYProject-frameworks.sh\"\n";
			showEnvVarsInLog = 0;
		};
/* End PBXShellScriptBuildPhase section */

/* Begin PBXSourcesBuildPhase section */
		A028DB35243D59A300C90A58 /* Sources */ = {
			isa = PBXSourcesBuildPhase;
			buildActionMask = 2147483647;
			files = (
				A077A2A7244EA24300673FCC /* LDPageCollectionViewLayout.swift in Sources */,
				A023812B24443C4E00223B5C /* LDTitleStyle.swift in Sources */,
				A0238131244440E200223B5C /* UIColor-Extension.swift in Sources */,
				A09775E42441D72B008FDC6B /* HomeViewController.swift in Sources */,
				A09775E62441D73F008FDC6B /* RankViewController.swift in Sources */,
				A097760324443377008FDC6B /* HomeType.swift in Sources */,
				A0CB1393243DD0920017A2C8 /* LDNavController.swift in Sources */,
				A09775E82441D758008FDC6B /* ProfileViewController.swift in Sources */,
				A077A2AC244EE5DB00673FCC /* NibLoadable.swift in Sources */,
				A023812F24443C7800223B5C /* LDContentView.swift in Sources */,
				A077A2BB244EF28700673FCC /* NetworkTools.swift in Sources */,
				A09775EA2441D766008FDC6B /* DiscoverViewController.swift in Sources */,
				A077A2B8244EF19E00673FCC /* AnchorViewController.swift in Sources */,
				A077A2A5244EA17900673FCC /* LDPageCollectionView.swift in Sources */,
				A09775F62441D82D008FDC6B /* MainViewController.swift in Sources */,
				A077A2AE244EE71500673FCC /* DemoView.swift in Sources */,
				A028DB3D243D59A300C90A58 /* AppDelegate.swift in Sources */,
				A028DB3F243D59A300C90A58 /* SceneDelegate.swift in Sources */,
				A077A2AA244EDFBC00673FCC /* Emitterable.swift in Sources */,
				A023812724443C1D00223B5C /* LDPageView.swift in Sources */,
				A023812D24443C6800223B5C /* LDTitleView.swift in Sources */,
				A09775F82441D85F008FDC6B /* LDNavigationController.swift in Sources */,
				A077A2B6244EEE1C00673FCC /* Const.swift in Sources */,
			);
			runOnlyForDeploymentPostprocessing = 0;
		};
		A028DB4B243D59A600C90A58 /* Sources */ = {
			isa = PBXSourcesBuildPhase;
			buildActionMask = 2147483647;
			files = (
				A028DB54243D59A600C90A58 /* LD_DYProjectTests.swift in Sources */,
			);
			runOnlyForDeploymentPostprocessing = 0;
		};
		A028DB56243D59A600C90A58 /* Sources */ = {
			isa = PBXSourcesBuildPhase;
			buildActionMask = 2147483647;
			files = (
				A028DB5F243D59A600C90A58 /* LD_DYProjectUITests.swift in Sources */,
			);
			runOnlyForDeploymentPostprocessing = 0;
		};
/* End PBXSourcesBuildPhase section */

/* Begin PBXTargetDependency section */
		A028DB51243D59A600C90A58 /* PBXTargetDependency */ = {
			isa = PBXTargetDependency;
			target = A028DB38243D59A300C90A58 /* LD_DYProject */;
			targetProxy = A028DB50243D59A600C90A58 /* PBXContainerItemProxy */;
		};
		A028DB5C243D59A600C90A58 /* PBXTargetDependency */ = {
			isa = PBXTargetDependency;
			target = A028DB38243D59A300C90A58 /* LD_DYProject */;
			targetProxy = A028DB5B243D59A600C90A58 /* PBXContainerItemProxy */;
		};
/* End PBXTargetDependency section */

/* Begin PBXVariantGroup section */
		A028DB42243D59A300C90A58 /* Main.storyboard */ = {
			isa = PBXVariantGroup;
			children = (
				A028DB43243D59A300C90A58 /* Base */,
			);
			name = Main.storyboard;
			sourceTree = "<group>";
		};
		A028DB47243D59A600C90A58 /* LaunchScreen.storyboard */ = {
			isa = PBXVariantGroup;
			children = (
				A028DB48243D59A600C90A58 /* Base */,
			);
			name = LaunchScreen.storyboard;
			sourceTree = "<group>";
		};
/* End PBXVariantGroup section */

/* Begin XCBuildConfiguration section */
		A028DB61243D59A600C90A58 /* Debug */ = {
			isa = XCBuildConfiguration;
			buildSettings = {
				ALWAYS_SEARCH_USER_PATHS = NO;
				CLANG_ANALYZER_NONNULL = YES;
				CLANG_ANALYZER_NUMBER_OBJECT_CONVERSION = YES_AGGRESSIVE;
				CLANG_CXX_LANGUAGE_STANDARD = "gnu++14";
				CLANG_CXX_LIBRARY = "libc++";
				CLANG_ENABLE_MODULES = YES;
				CLANG_ENABLE_OBJC_ARC = YES;
				CLANG_ENABLE_OBJC_WEAK = YES;
				CLANG_WARN_BLOCK_CAPTURE_AUTORELEASING = YES;
				CLANG_WARN_BOOL_CONVERSION = YES;
				CLANG_WARN_COMMA = YES;
				CLANG_WARN_CONSTANT_CONVERSION = YES;
				CLANG_WARN_DEPRECATED_OBJC_IMPLEMENTATIONS = YES;
				CLANG_WARN_DIRECT_OBJC_ISA_USAGE = YES_ERROR;
				CLANG_WARN_DOCUMENTATION_COMMENTS = YES;
				CLANG_WARN_EMPTY_BODY = YES;
				CLANG_WARN_ENUM_CONVERSION = YES;
				CLANG_WARN_INFINITE_RECURSION = YES;
				CLANG_WARN_INT_CONVERSION = YES;
				CLANG_WARN_NON_LITERAL_NULL_CONVERSION = YES;
				CLANG_WARN_OBJC_IMPLICIT_RETAIN_SELF = YES;
				CLANG_WARN_OBJC_LITERAL_CONVERSION = YES;
				CLANG_WARN_OBJC_ROOT_CLASS = YES_ERROR;
				CLANG_WARN_RANGE_LOOP_ANALYSIS = YES;
				CLANG_WARN_STRICT_PROTOTYPES = YES;
				CLANG_WARN_SUSPICIOUS_MOVE = YES;
				CLANG_WARN_UNGUARDED_AVAILABILITY = YES_AGGRESSIVE;
				CLANG_WARN_UNREACHABLE_CODE = YES;
				CLANG_WARN__DUPLICATE_METHOD_MATCH = YES;
				COPY_PHASE_STRIP = NO;
				DEBUG_INFORMATION_FORMAT = dwarf;
				ENABLE_STRICT_OBJC_MSGSEND = YES;
				ENABLE_TESTABILITY = YES;
				GCC_C_LANGUAGE_STANDARD = gnu11;
				GCC_DYNAMIC_NO_PIC = NO;
				GCC_NO_COMMON_BLOCKS = YES;
				GCC_OPTIMIZATION_LEVEL = 0;
				GCC_PREPROCESSOR_DEFINITIONS = (
					"DEBUG=1",
					"$(inherited)",
				);
				GCC_WARN_64_TO_32_BIT_CONVERSION = YES;
				GCC_WARN_ABOUT_RETURN_TYPE = YES_ERROR;
				GCC_WARN_UNDECLARED_SELECTOR = YES;
				GCC_WARN_UNINITIALIZED_AUTOS = YES_AGGRESSIVE;
				GCC_WARN_UNUSED_FUNCTION = YES;
				GCC_WARN_UNUSED_VARIABLE = YES;
				IPHONEOS_DEPLOYMENT_TARGET = 13.2;
				MTL_ENABLE_DEBUG_INFO = INCLUDE_SOURCE;
				MTL_FAST_MATH = YES;
				ONLY_ACTIVE_ARCH = YES;
				SDKROOT = iphoneos;
				SWIFT_ACTIVE_COMPILATION_CONDITIONS = DEBUG;
				SWIFT_OPTIMIZATION_LEVEL = "-Onone";
			};
			name = Debug;
		};
		A028DB62243D59A600C90A58 /* Release */ = {
			isa = XCBuildConfiguration;
			buildSettings = {
				ALWAYS_SEARCH_USER_PATHS = NO;
				CLANG_ANALYZER_NONNULL = YES;
				CLANG_ANALYZER_NUMBER_OBJECT_CONVERSION = YES_AGGRESSIVE;
				CLANG_CXX_LANGUAGE_STANDARD = "gnu++14";
				CLANG_CXX_LIBRARY = "libc++";
				CLANG_ENABLE_MODULES = YES;
				CLANG_ENABLE_OBJC_ARC = YES;
				CLANG_ENABLE_OBJC_WEAK = YES;
				CLANG_WARN_BLOCK_CAPTURE_AUTORELEASING = YES;
				CLANG_WARN_BOOL_CONVERSION = YES;
				CLANG_WARN_COMMA = YES;
				CLANG_WARN_CONSTANT_CONVERSION = YES;
				CLANG_WARN_DEPRECATED_OBJC_IMPLEMENTATIONS = YES;
				CLANG_WARN_DIRECT_OBJC_ISA_USAGE = YES_ERROR;
				CLANG_WARN_DOCUMENTATION_COMMENTS = YES;
				CLANG_WARN_EMPTY_BODY = YES;
				CLANG_WARN_ENUM_CONVERSION = YES;
				CLANG_WARN_INFINITE_RECURSION = YES;
				CLANG_WARN_INT_CONVERSION = YES;
				CLANG_WARN_NON_LITERAL_NULL_CONVERSION = YES;
				CLANG_WARN_OBJC_IMPLICIT_RETAIN_SELF = YES;
				CLANG_WARN_OBJC_LITERAL_CONVERSION = YES;
				CLANG_WARN_OBJC_ROOT_CLASS = YES_ERROR;
				CLANG_WARN_RANGE_LOOP_ANALYSIS = YES;
				CLANG_WARN_STRICT_PROTOTYPES = YES;
				CLANG_WARN_SUSPICIOUS_MOVE = YES;
				CLANG_WARN_UNGUARDED_AVAILABILITY = YES_AGGRESSIVE;
				CLANG_WARN_UNREACHABLE_CODE = YES;
				CLANG_WARN__DUPLICATE_METHOD_MATCH = YES;
				COPY_PHASE_STRIP = NO;
				DEBUG_INFORMATION_FORMAT = "dwarf-with-dsym";
				ENABLE_NS_ASSERTIONS = NO;
				ENABLE_STRICT_OBJC_MSGSEND = YES;
				GCC_C_LANGUAGE_STANDARD = gnu11;
				GCC_NO_COMMON_BLOCKS = YES;
				GCC_WARN_64_TO_32_BIT_CONVERSION = YES;
				GCC_WARN_ABOUT_RETURN_TYPE = YES_ERROR;
				GCC_WARN_UNDECLARED_SELECTOR = YES;
				GCC_WARN_UNINITIALIZED_AUTOS = YES_AGGRESSIVE;
				GCC_WARN_UNUSED_FUNCTION = YES;
				GCC_WARN_UNUSED_VARIABLE = YES;
				IPHONEOS_DEPLOYMENT_TARGET = 13.2;
				MTL_ENABLE_DEBUG_INFO = NO;
				MTL_FAST_MATH = YES;
				SDKROOT = iphoneos;
				SWIFT_COMPILATION_MODE = wholemodule;
				SWIFT_OPTIMIZATION_LEVEL = "-O";
				VALIDATE_PRODUCT = YES;
			};
			name = Release;
		};
		A028DB64243D59A600C90A58 /* Debug */ = {
			isa = XCBuildConfiguration;
			baseConfigurationReference = C0F4F457F1EDB20F858A2749 /* Pods-LD_DYProject.debug.xcconfig */;
			buildSettings = {
				ASSETCATALOG_COMPILER_APPICON_NAME = AppIcon;
				CODE_SIGN_STYLE = Automatic;
				INFOPLIST_FILE = LD_DYProject/Info.plist;
				LD_RUNPATH_SEARCH_PATHS = (
					"$(inherited)",
					"@executable_path/Frameworks",
				);
				PRODUCT_BUNDLE_IDENTIFIER = "com.huaxia.LD-DYProject";
				PRODUCT_NAME = "$(TARGET_NAME)";
				SWIFT_VERSION = 5.0;
				TARGETED_DEVICE_FAMILY = "1,2";
			};
			name = Debug;
		};
		A028DB65243D59A600C90A58 /* Release */ = {
			isa = XCBuildConfiguration;
			baseConfigurationReference = 41E35A4E88F18EA1801A2E9B /* Pods-LD_DYProject.release.xcconfig */;
			buildSettings = {
				ASSETCATALOG_COMPILER_APPICON_NAME = AppIcon;
				CODE_SIGN_STYLE = Automatic;
				INFOPLIST_FILE = LD_DYProject/Info.plist;
				LD_RUNPATH_SEARCH_PATHS = (
					"$(inherited)",
					"@executable_path/Frameworks",
				);
				PRODUCT_BUNDLE_IDENTIFIER = "com.huaxia.LD-DYProject";
				PRODUCT_NAME = "$(TARGET_NAME)";
				SWIFT_VERSION = 5.0;
				TARGETED_DEVICE_FAMILY = "1,2";
			};
			name = Release;
		};
		A028DB67243D59A600C90A58 /* Debug */ = {
			isa = XCBuildConfiguration;
			baseConfigurationReference = 71DDB4173A2C500581016284 /* Pods-LD_DYProjectTests.debug.xcconfig */;
			buildSettings = {
				ALWAYS_EMBED_SWIFT_STANDARD_LIBRARIES = YES;
				BUNDLE_LOADER = "$(TEST_HOST)";
				CODE_SIGN_STYLE = Automatic;
				INFOPLIST_FILE = LD_DYProjectTests/Info.plist;
				IPHONEOS_DEPLOYMENT_TARGET = 13.2;
				LD_RUNPATH_SEARCH_PATHS = (
					"$(inherited)",
					"@executable_path/Frameworks",
					"@loader_path/Frameworks",
				);
				PRODUCT_BUNDLE_IDENTIFIER = "com.huaxia.LD-DYProjectTests";
				PRODUCT_NAME = "$(TARGET_NAME)";
				SWIFT_VERSION = 5.0;
				TARGETED_DEVICE_FAMILY = "1,2";
				TEST_HOST = "$(BUILT_PRODUCTS_DIR)/LD_DYProject.app/LD_DYProject";
			};
			name = Debug;
		};
		A028DB68243D59A600C90A58 /* Release */ = {
			isa = XCBuildConfiguration;
			baseConfigurationReference = E68EE096068F6368F053EF72 /* Pods-LD_DYProjectTests.release.xcconfig */;
			buildSettings = {
				ALWAYS_EMBED_SWIFT_STANDARD_LIBRARIES = YES;
				BUNDLE_LOADER = "$(TEST_HOST)";
				CODE_SIGN_STYLE = Automatic;
				INFOPLIST_FILE = LD_DYProjectTests/Info.plist;
				IPHONEOS_DEPLOYMENT_TARGET = 13.2;
				LD_RUNPATH_SEARCH_PATHS = (
					"$(inherited)",
					"@executable_path/Frameworks",
					"@loader_path/Frameworks",
				);
				PRODUCT_BUNDLE_IDENTIFIER = "com.huaxia.LD-DYProjectTests";
				PRODUCT_NAME = "$(TARGET_NAME)";
				SWIFT_VERSION = 5.0;
				TARGETED_DEVICE_FAMILY = "1,2";
				TEST_HOST = "$(BUILT_PRODUCTS_DIR)/LD_DYProject.app/LD_DYProject";
			};
			name = Release;
		};
		A028DB6A243D59A600C90A58 /* Debug */ = {
			isa = XCBuildConfiguration;
			baseConfigurationReference = 08E1B5D7CDD910BA0787709B /* Pods-LD_DYProject-LD_DYProjectUITests.debug.xcconfig */;
			buildSettings = {
				ALWAYS_EMBED_SWIFT_STANDARD_LIBRARIES = YES;
				CODE_SIGN_STYLE = Automatic;
				INFOPLIST_FILE = LD_DYProjectUITests/Info.plist;
				LD_RUNPATH_SEARCH_PATHS = (
					"$(inherited)",
					"@executable_path/Frameworks",
					"@loader_path/Frameworks",
				);
				PRODUCT_BUNDLE_IDENTIFIER = "com.huaxia.LD-DYProjectUITests";
				PRODUCT_NAME = "$(TARGET_NAME)";
				SWIFT_VERSION = 5.0;
				TARGETED_DEVICE_FAMILY = "1,2";
				TEST_TARGET_NAME = LD_DYProject;
			};
			name = Debug;
		};
		A028DB6B243D59A600C90A58 /* Release */ = {
			isa = XCBuildConfiguration;
			baseConfigurationReference = 9D5C9D79BF5FBF4F900C0A40 /* Pods-LD_DYProject-LD_DYProjectUITests.release.xcconfig */;
			buildSettings = {
				ALWAYS_EMBED_SWIFT_STANDARD_LIBRARIES = YES;
				CODE_SIGN_STYLE = Automatic;
				INFOPLIST_FILE = LD_DYProjectUITests/Info.plist;
				LD_RUNPATH_SEARCH_PATHS = (
					"$(inherited)",
					"@executable_path/Frameworks",
					"@loader_path/Frameworks",
				);
				PRODUCT_BUNDLE_IDENTIFIER = "com.huaxia.LD-DYProjectUITests";
				PRODUCT_NAME = "$(TARGET_NAME)";
				SWIFT_VERSION = 5.0;
				TARGETED_DEVICE_FAMILY = "1,2";
				TEST_TARGET_NAME = LD_DYProject;
			};
			name = Release;
		};
/* End XCBuildConfiguration section */

/* Begin XCConfigurationList section */
		A028DB34243D59A300C90A58 /* Build configuration list for PBXProject "LD_DYProject" */ = {
			isa = XCConfigurationList;
			buildConfigurations = (
				A028DB61243D59A600C90A58 /* Debug */,
				A028DB62243D59A600C90A58 /* Release */,
			);
			defaultConfigurationIsVisible = 0;
			defaultConfigurationName = Release;
		};
		A028DB63243D59A600C90A58 /* Build configuration list for PBXNativeTarget "LD_DYProject" */ = {
			isa = XCConfigurationList;
			buildConfigurations = (
				A028DB64243D59A600C90A58 /* Debug */,
				A028DB65243D59A600C90A58 /* Release */,
			);
			defaultConfigurationIsVisible = 0;
			defaultConfigurationName = Release;
		};
		A028DB66243D59A600C90A58 /* Build configuration list for PBXNativeTarget "LD_DYProjectTests" */ = {
			isa = XCConfigurationList;
			buildConfigurations = (
				A028DB67243D59A600C90A58 /* Debug */,
				A028DB68243D59A600C90A58 /* Release */,
			);
			defaultConfigurationIsVisible = 0;
			defaultConfigurationName = Release;
		};
		A028DB69243D59A600C90A58 /* Build configuration list for PBXNativeTarget "LD_DYProjectUITests" */ = {
			isa = XCConfigurationList;
			buildConfigurations = (
				A028DB6A243D59A600C90A58 /* Debug */,
				A028DB6B243D59A600C90A58 /* Release */,
			);
			defaultConfigurationIsVisible = 0;
			defaultConfigurationName = Release;
		};
/* End XCConfigurationList section */
	};
	rootObject = A028DB31243D59A300C90A58 /* Project object */;
}
